# This file is autogenerated, do not edit; changes may be undone by the next 'dep ensure'.


[[projects]]
  digest = "1:ec5262e6c65f9fcedc01d7789ee4e18ad429dde822cfd50e57e3fd77c4d70c73"
  name = "github.com/gorilla/mux"
  packages = ["."]
  pruneopts = ""
  revision = "ed099d42384823742bba0bf9a72b53b55c9e2e38"
  version = "v1.7.2"

[[projects]]
  digest = "1:0f51cee70b0d254dbc93c22666ea2abf211af81c1701a96d04e2284b408621db"
  name = "github.com/konsorten/go-windows-terminal-sequences"
  packages = ["."]
  pruneopts = ""
  revision = "f55edac94c9bbba5d6182a4be46d86a2c9b5b50e"
  version = "v1.0.2"

[[projects]]
  digest = "1:1a405cddcf3368445051fb70ab465ae99da56ad7be8d8ca7fc52159d1c2d873c"
  name = "github.com/sirupsen/logrus"
  packages = ["."]
  pruneopts = ""
  revision = "839c75faf7f98a33d445d181f3018b5c3409a45e"
  version = "v1.4.2"

[[projects]]
  branch = "master"
  digest = "1:7e620260ab84d4b1f0dcff40e77ddce874c3969dada44d1f1ba58b27f24530ac"
  name = "golang.org/x/sys"
  packages = ["unix"]
  pruneopts = ""
  revision = "8097e1b27ff5e40620836729a9584e91b094b062"

[solve-meta]
  analyzer-name = "dep"
  analyzer-version = 1
  input-imports = [
    "github.com/gorilla/mux",
    "github.com/sirupsen/logrus",
  ]
  solver-name = "gps-cdcl"
  solver-version = 1
